
Microsoft Visual Studio Solution File, Format Version 12.00
# Visual Studio Version 16
VisualStudioVersion = 16.0.33027.164
MinimumVisualStudioVersion = 10.0.40219.1
Project("{8BC9CEB8-8B4A-11D0-8D11-00A0C91BC942}") = "demo of the ring", "demo of the ring\demo of the ring.vcxproj", "{21160A7B-8FE7-47B3-813F-C470D24577C8}"
	ProjectSection(ProjectDependencies) = postProject
		{7ECCFDAD-B361-4455-A17B-64F53E5A0075} = {7ECCFDAD-B361-4455-A17B-64F53E5A0075}
	EndProjectSection
EndProject
Project("{8BC9CEB8-8B4A-11D0-8D11-00A0C91BC942}") = "lord of the rings", "lord of the rings\lord of the rings.vcxproj", "{7ECCFDAD-B361-4455-A17B-64F53E5A0075}"
EndProject
Project("{8BC9CEB8-8B4A-11D0-8D11-00A0C91BC942}") = "canvas", "texture refining on the ring\canvas.vcxproj", "{A9FAB320-A43F-488B-9904-74ECDB9ED862}"
EndProject
Global
	GlobalSection(SolutionConfigurationPlatforms) = preSolution
		Debug|Win32 = Debug|Win32
		Debug|x64 = Debug|x64
		Release|Win32 = Release|Win32
		Release|x64 = Release|x64
	EndGlobalSection
	GlobalSection(ProjectConfigurationPlatforms) = postSolution
		{21160A7B-8FE7-47B3-813F-C470D24577C8}.Debug|Win32.ActiveCfg = Debug|Win32
		{21160A7B-8FE7-47B3-813F-C470D24577C8}.Debug|Win32.Build.0 = Debug|Win32
		{21160A7B-8FE7-47B3-813F-C470D24577C8}.Debug|x64.ActiveCfg = Debug|x64
		{21160A7B-8FE7-47B3-813F-C470D24577C8}.Debug|x64.Build.0 = Debug|x64
		{21160A7B-8FE7-47B3-813F-C470D24577C8}.Release|Win32.ActiveCfg = Release|Win32
		{21160A7B-8FE7-47B3-813F-C470D24577C8}.Release|Win32.Build.0 = Release|Win32
		{21160A7B-8FE7-47B3-813F-C470D24577C8}.Release|x64.ActiveCfg = Release|x64
		{21160A7B-8FE7-47B3-813F-C470D24577C8}.Release|x64.Build.0 = Release|x64
		{7ECCFDAD-B361-4455-A17B-64F53E5A0075}.Debug|Win32.ActiveCfg = Debug|Win32
		{7ECCFDAD-B361-4455-A17B-64F53E5A0075}.Debug|Win32.Build.0 = Debug|Win32
		{7ECCFDAD-B361-4455-A17B-64F53E5A0075}.Debug|x64.ActiveCfg = Debug|x64
		{7ECCFDAD-B361-4455-A17B-64F53E5A0075}.Debug|x64.Build.0 = Debug|x64
		{7ECCFDAD-B361-4455-A17B-64F53E5A0075}.Release|Win32.ActiveCfg = Release|Win32
		{7ECCFDAD-B361-4455-A17B-64F53E5A0075}.Release|Win32.Build.0 = Release|Win32
		{7ECCFDAD-B361-4455-A17B-64F53E5A0075}.Release|x64.ActiveCfg = Release|x64
		{7ECCFDAD-B361-4455-A17B-64F53E5A0075}.Release|x64.Build.0 = Release|x64
		{A9FAB320-A43F-488B-9904-74ECDB9ED862}.Debug|Win32.ActiveCfg = Debug|Win32
		{A9FAB320-A43F-488B-9904-74ECDB9ED862}.Debug|Win32.Build.0 = Debug|Win32
		{A9FAB320-A43F-488B-9904-74ECDB9ED862}.Debug|x64.ActiveCfg = Debug|Win32
		{A9FAB320-A43F-488B-9904-74ECDB9ED862}.Debug|x64.Build.0 = Debug|Win32
		{A9FAB320-A43F-488B-9904-74ECDB9ED862}.Release|Win32.ActiveCfg = Release|Win32
		{A9FAB320-A43F-488B-9904-74ECDB9ED862}.Release|Win32.Build.0 = Release|Win32
		{A9FAB320-A43F-488B-9904-74ECDB9ED862}.Release|x64.ActiveCfg = Release|Win32
		{A9FAB320-A43F-488B-9904-74ECDB9ED862}.Release|x64.Build.0 = Release|Win32
	EndGlobalSection
	GlobalSection(SolutionProperties) = preSolution
		HideSolutionNode = FALSE
	EndGlobalSection
	GlobalSection(ExtensibilityGlobals) = postSolution
		SolutionGuid = {D0A33F58-D7CB-46C7-92CF-0829E4B86B9D}
	EndGlobalSection
EndGlobal
