<?xml version="1.0" encoding="utf-8"?>
<Project ToolsVersion="4.0" xmlns="http://schemas.microsoft.com/developer/msbuild/2003">
  <ItemGroup>
    <Filter Include="Source Files">
      <UniqueIdentifier>{af8ba864-99ac-418a-b3cd-2304ca91c99f}</UniqueIdentifier>
      <Extensions>cpp;c;cxx;rc;def;r;odl;idl;hpj;bat</Extensions>
    </Filter>
    <Filter Include="Header Files">
      <UniqueIdentifier>{e5b4db7e-73e9-4404-994d-dc2b5eb6f77c}</UniqueIdentifier>
      <Extensions>h;hpp;hxx;hm;inl</Extensions>
    </Filter>
    <Filter Include="Resource Files">
      <UniqueIdentifier>{cdc1433c-4bcc-4fe6-9fd0-f33bd6dfe151}</UniqueIdentifier>
      <Extensions>ico;cur;bmp;dlg;rc2;rct;bin;rgs;gif;jpg;jpeg;jpe</Extensions>
    </Filter>
  </ItemGroup>
  <ItemGroup>
    <ClCompile Include="..\common files\d3dfont.cpp">
      <Filter>Source Files</Filter>
    </ClCompile>
    <ClCompile Include="..\common files\d3dutil.cpp">
      <Filter>Source Files</Filter>
    </ClCompile>
    <ClCompile Include="..\common files\dxutil.cpp">
      <Filter>Source Files</Filter>
    </ClCompile>
    <ClCompile Include="main.cpp">
      <Filter>Source Files</Filter>
    </ClCompile>
    <ClCompile Include="mesh.cpp">
      <Filter>Source Files</Filter>
    </ClCompile>
    <ClCompile Include="ring.cpp">
      <Filter>Source Files</Filter>
    </ClCompile>
    <ClCompile Include="stdafx.cpp">
      <Filter>Source Files</Filter>
    </ClCompile>
    <ClCompile Include="config.cpp">
      <Filter>Source Files</Filter>
    </ClCompile>
    <ClCompile Include="config_val.cpp">
      <Filter>Source Files</Filter>
    </ClCompile>
    <ClCompile Include="ASTError.cpp">
      <Filter>Source Files</Filter>
    </ClCompile>
    <ClCompile Include="utility.cpp">
      <Filter>Source Files</Filter>
    </ClCompile>
  </ItemGroup>
  <ItemGroup>
    <ResourceCompile Include="Script1.rc">
      <Filter>Source Files</Filter>
    </ResourceCompile>
  </ItemGroup>
  <ItemGroup>
    <ClInclude Include="mesh.h">
      <Filter>Header Files</Filter>
    </ClInclude>
    <ClInclude Include="resource.h">
      <Filter>Header Files</Filter>
    </ClInclude>
    <ClInclude Include="ring.h">
      <Filter>Header Files</Filter>
    </ClInclude>
    <ClInclude Include="stdafx.h">
      <Filter>Resource Files</Filter>
    </ClInclude>
    <ClInclude Include="config.h">
      <Filter>Header Files</Filter>
    </ClInclude>
    <ClInclude Include="config_val.h">
      <Filter>Header Files</Filter>
    </ClInclude>
    <ClInclude Include="config_val_extern.h">
      <Filter>Header Files</Filter>
    </ClInclude>
    <ClInclude Include="common.h">
      <Filter>Header Files</Filter>
    </ClInclude>
  </ItemGroup>
  <ItemGroup>
    <Image Include="ring128.ico">
      <Filter>Resource Files</Filter>
    </Image>
    <Image Include="ring256.ico">
      <Filter>Resource Files</Filter>
    </Image>
    <Image Include="ring32.ico">
      <Filter>Resource Files</Filter>
    </Image>
    <Image Include="ring64.ico">
      <Filter>Resource Files</Filter>
    </Image>
  </ItemGroup>
  <ItemGroup>
    <Text Include="effect_dotr.txt" />
  </ItemGroup>
</Project>